{
  "requires": true,
  "lockfileVersion": 1,
  "dependencies": {
    "excalibur": {
      "version": "0.22.0",
      "resolved": "https://registry.npmjs.org/excalibur/-/excalibur-0.22.0.tgz",
      "integrity": "sha512-ciyTiCim+HrkJlr0fmidOwnGMs+D1jt//xJgXboD3ZRX3HwkWlkgGHfuu0v0pVv/JuT8y4MtcsUb6VQrvsmfuA=="
    }
  }
}
